
Microsoft Visual Studio Solution File, Format Version 12.00
# Visual Studio Version 16
VisualStudioVersion = 16.0.29721.120
MinimumVisualStudioVersion = 10.0.40219.1
Project("{FAE04EC0-301F-11D3-BF4B-00C04F79EFBC}") = "FaceRec", "FaceRec.csproj", "{87FAAF3E-720F-4D02-A147-258D85850E0B}"
EndProject
Global
	GlobalSection(SolutionConfigurationPlatforms) = preSolution
		Debug|Any CPU = Debug|Any CPU
		Release|Any CPU = Release|Any CPU
	EndGlobalSection
	GlobalSection(ProjectConfigurationPlatforms) = postSolution
		{87FAAF3E-720F-4D02-A147-258D85850E0B}.Debug|Any CPU.ActiveCfg = Debug|Any CPU
		{87FAAF3E-720F-4D02-A147-258D85850E0B}.Debug|Any CPU.Build.0 = Debug|Any CPU
		{87FAAF3E-720F-4D02-A147-258D85850E0B}.Release|Any CPU.ActiveCfg = Release|Any CPU
		{87FAAF3E-720F-4D02-A147-258D85850E0B}.Release|Any CPU.Build.0 = Release|Any CPU
	EndGlobalSection
	GlobalSection(SolutionProperties) = preSolution
		HideSolutionNode = FALSE
	EndGlobalSection
	GlobalSection(ExtensibilityGlobals) = postSolution
		SolutionGuid = {68DADFD5-4285-46D8-AF0C-833CF086D299}
	EndGlobalSection
EndGlobal
